
Microsoft Visual Studio Solution File, Format Version 12.00
# Visual Studio Version 17
VisualStudioVersion = 17.5.33516.290
MinimumVisualStudioVersion = 10.0.40219.1
Project("{FAE04EC0-301F-11D3-BF4B-00C04F79EFBC}") = "Atividade 1", "Atividade 1\Atividade 1.csproj", "{5C8D9AC9-2BC0-48B5-BD0A-76395493D8BB}"
EndProject
Global
	GlobalSection(SolutionConfigurationPlatforms) = preSolution
		Debug|Any CPU = Debug|Any CPU
		Release|Any CPU = Release|Any CPU
	EndGlobalSection
	GlobalSection(ProjectConfigurationPlatforms) = postSolution
		{5C8D9AC9-2BC0-48B5-BD0A-76395493D8BB}.Debug|Any CPU.ActiveCfg = Debug|Any CPU
		{5C8D9AC9-2BC0-48B5-BD0A-76395493D8BB}.Debug|Any CPU.Build.0 = Debug|Any CPU
		{5C8D9AC9-2BC0-48B5-BD0A-76395493D8BB}.Release|Any CPU.ActiveCfg = Release|Any CPU
		{5C8D9AC9-2BC0-48B5-BD0A-76395493D8BB}.Release|Any CPU.Build.0 = Release|Any CPU
	EndGlobalSection
	GlobalSection(SolutionProperties) = preSolution
		HideSolutionNode = FALSE
	EndGlobalSection
	GlobalSection(ExtensibilityGlobals) = postSolution
		SolutionGuid = {91C04450-C803-495A-9EC3-6014F0A6BFF9}
	EndGlobalSection
EndGlobal
