
Microsoft Visual Studio Solution File, Format Version 12.00
# Visual Studio Version 17
VisualStudioVersion = 17.5.33516.290
MinimumVisualStudioVersion = 10.0.40219.1
Project("{FAE04EC0-301F-11D3-BF4B-00C04F79EFBC}") = "Atividade 6", "Atividade 6\Atividade 6.csproj", "{D09D7A86-F23E-4645-AEFF-8B2F4713205F}"
EndProject
Global
	GlobalSection(SolutionConfigurationPlatforms) = preSolution
		Debug|Any CPU = Debug|Any CPU
		Release|Any CPU = Release|Any CPU
	EndGlobalSection
	GlobalSection(ProjectConfigurationPlatforms) = postSolution
		{D09D7A86-F23E-4645-AEFF-8B2F4713205F}.Debug|Any CPU.ActiveCfg = Debug|Any CPU
		{D09D7A86-F23E-4645-AEFF-8B2F4713205F}.Debug|Any CPU.Build.0 = Debug|Any CPU
		{D09D7A86-F23E-4645-AEFF-8B2F4713205F}.Release|Any CPU.ActiveCfg = Release|Any CPU
		{D09D7A86-F23E-4645-AEFF-8B2F4713205F}.Release|Any CPU.Build.0 = Release|Any CPU
	EndGlobalSection
	GlobalSection(SolutionProperties) = preSolution
		HideSolutionNode = FALSE
	EndGlobalSection
	GlobalSection(ExtensibilityGlobals) = postSolution
		SolutionGuid = {4FCBCF7A-3CA0-43AA-8BC9-989E46EE3E95}
	EndGlobalSection
EndGlobal
