
Microsoft Visual Studio Solution File, Format Version 12.00
# Visual Studio Version 17
VisualStudioVersion = 17.5.33516.290
MinimumVisualStudioVersion = 10.0.40219.1
Project("{FAE04EC0-301F-11D3-BF4B-00C04F79EFBC}") = "Atividade 16", "Atividade 16\Atividade 16.csproj", "{4ABFA69F-E03A-4FCC-BC1B-CF587A87B27F}"
EndProject
Global
	GlobalSection(SolutionConfigurationPlatforms) = preSolution
		Debug|Any CPU = Debug|Any CPU
		Release|Any CPU = Release|Any CPU
	EndGlobalSection
	GlobalSection(ProjectConfigurationPlatforms) = postSolution
		{4ABFA69F-E03A-4FCC-BC1B-CF587A87B27F}.Debug|Any CPU.ActiveCfg = Debug|Any CPU
		{4ABFA69F-E03A-4FCC-BC1B-CF587A87B27F}.Debug|Any CPU.Build.0 = Debug|Any CPU
		{4ABFA69F-E03A-4FCC-BC1B-CF587A87B27F}.Release|Any CPU.ActiveCfg = Release|Any CPU
		{4ABFA69F-E03A-4FCC-BC1B-CF587A87B27F}.Release|Any CPU.Build.0 = Release|Any CPU
	EndGlobalSection
	GlobalSection(SolutionProperties) = preSolution
		HideSolutionNode = FALSE
	EndGlobalSection
	GlobalSection(ExtensibilityGlobals) = postSolution
		SolutionGuid = {C473B6EB-E1D9-405F-9CD9-DD22C5515417}
	EndGlobalSection
EndGlobal
