
Microsoft Visual Studio Solution File, Format Version 12.00
# Visual Studio Version 17
VisualStudioVersion = 17.5.33516.290
MinimumVisualStudioVersion = 10.0.40219.1
Project("{FAE04EC0-301F-11D3-BF4B-00C04F79EFBC}") = "Atividade 12", "Atividade 12\Atividade 12.csproj", "{3A3CC203-C154-454C-8ADE-0CBBE76B389E}"
EndProject
Global
	GlobalSection(SolutionConfigurationPlatforms) = preSolution
		Debug|Any CPU = Debug|Any CPU
		Release|Any CPU = Release|Any CPU
	EndGlobalSection
	GlobalSection(ProjectConfigurationPlatforms) = postSolution
		{3A3CC203-C154-454C-8ADE-0CBBE76B389E}.Debug|Any CPU.ActiveCfg = Debug|Any CPU
		{3A3CC203-C154-454C-8ADE-0CBBE76B389E}.Debug|Any CPU.Build.0 = Debug|Any CPU
		{3A3CC203-C154-454C-8ADE-0CBBE76B389E}.Release|Any CPU.ActiveCfg = Release|Any CPU
		{3A3CC203-C154-454C-8ADE-0CBBE76B389E}.Release|Any CPU.Build.0 = Release|Any CPU
	EndGlobalSection
	GlobalSection(SolutionProperties) = preSolution
		HideSolutionNode = FALSE
	EndGlobalSection
	GlobalSection(ExtensibilityGlobals) = postSolution
		SolutionGuid = {8409D860-6F4E-45B9-B443-39F5F521D5FD}
	EndGlobalSection
EndGlobal
