
Microsoft Visual Studio Solution File, Format Version 12.00
# Visual Studio Version 17
VisualStudioVersion = 17.5.33516.290
MinimumVisualStudioVersion = 10.0.40219.1
Project("{FAE04EC0-301F-11D3-BF4B-00C04F79EFBC}") = "Atividade 14", "Atividade 14\Atividade 14.csproj", "{0E148FA4-F0FA-450F-8335-0727E17798CC}"
EndProject
Global
	GlobalSection(SolutionConfigurationPlatforms) = preSolution
		Debug|Any CPU = Debug|Any CPU
		Release|Any CPU = Release|Any CPU
	EndGlobalSection
	GlobalSection(ProjectConfigurationPlatforms) = postSolution
		{0E148FA4-F0FA-450F-8335-0727E17798CC}.Debug|Any CPU.ActiveCfg = Debug|Any CPU
		{0E148FA4-F0FA-450F-8335-0727E17798CC}.Debug|Any CPU.Build.0 = Debug|Any CPU
		{0E148FA4-F0FA-450F-8335-0727E17798CC}.Release|Any CPU.ActiveCfg = Release|Any CPU
		{0E148FA4-F0FA-450F-8335-0727E17798CC}.Release|Any CPU.Build.0 = Release|Any CPU
	EndGlobalSection
	GlobalSection(SolutionProperties) = preSolution
		HideSolutionNode = FALSE
	EndGlobalSection
	GlobalSection(ExtensibilityGlobals) = postSolution
		SolutionGuid = {511087F6-159A-40F8-89D7-BADE2F39770D}
	EndGlobalSection
EndGlobal
