
Microsoft Visual Studio Solution File, Format Version 12.00
# Visual Studio Version 17
VisualStudioVersion = 17.5.33516.290
MinimumVisualStudioVersion = 10.0.40219.1
Project("{FAE04EC0-301F-11D3-BF4B-00C04F79EFBC}") = "Atividade 9", "Atividade 9\Atividade 9.csproj", "{2240BDFE-E58F-4876-8B06-CB80A025AB8D}"
EndProject
Global
	GlobalSection(SolutionConfigurationPlatforms) = preSolution
		Debug|Any CPU = Debug|Any CPU
		Release|Any CPU = Release|Any CPU
	EndGlobalSection
	GlobalSection(ProjectConfigurationPlatforms) = postSolution
		{2240BDFE-E58F-4876-8B06-CB80A025AB8D}.Debug|Any CPU.ActiveCfg = Debug|Any CPU
		{2240BDFE-E58F-4876-8B06-CB80A025AB8D}.Debug|Any CPU.Build.0 = Debug|Any CPU
		{2240BDFE-E58F-4876-8B06-CB80A025AB8D}.Release|Any CPU.ActiveCfg = Release|Any CPU
		{2240BDFE-E58F-4876-8B06-CB80A025AB8D}.Release|Any CPU.Build.0 = Release|Any CPU
	EndGlobalSection
	GlobalSection(SolutionProperties) = preSolution
		HideSolutionNode = FALSE
	EndGlobalSection
	GlobalSection(ExtensibilityGlobals) = postSolution
		SolutionGuid = {A93CCA16-B4BD-4109-AB84-C84F13C244A3}
	EndGlobalSection
EndGlobal
