
Microsoft Visual Studio Solution File, Format Version 12.00
# Visual Studio Version 17
VisualStudioVersion = 17.5.33516.290
MinimumVisualStudioVersion = 10.0.40219.1
Project("{FAE04EC0-301F-11D3-BF4B-00C04F79EFBC}") = "Atividade 4", "Atividade 4\Atividade 4.csproj", "{BFEBC46C-6F35-4866-B267-DC7EE5477D29}"
EndProject
Global
	GlobalSection(SolutionConfigurationPlatforms) = preSolution
		Debug|Any CPU = Debug|Any CPU
		Release|Any CPU = Release|Any CPU
	EndGlobalSection
	GlobalSection(ProjectConfigurationPlatforms) = postSolution
		{BFEBC46C-6F35-4866-B267-DC7EE5477D29}.Debug|Any CPU.ActiveCfg = Debug|Any CPU
		{BFEBC46C-6F35-4866-B267-DC7EE5477D29}.Debug|Any CPU.Build.0 = Debug|Any CPU
		{BFEBC46C-6F35-4866-B267-DC7EE5477D29}.Release|Any CPU.ActiveCfg = Release|Any CPU
		{BFEBC46C-6F35-4866-B267-DC7EE5477D29}.Release|Any CPU.Build.0 = Release|Any CPU
	EndGlobalSection
	GlobalSection(SolutionProperties) = preSolution
		HideSolutionNode = FALSE
	EndGlobalSection
	GlobalSection(ExtensibilityGlobals) = postSolution
		SolutionGuid = {58A8D0F0-2280-457D-80F7-70279F0E28A8}
	EndGlobalSection
EndGlobal
